// !$*UTF8*$!
{
	archiveVersion = 1;
	classes = {
	};
	objectVersion = 56;
	objects = {

/* Begin PBXBuildFile section */
		36041FECA4FAB483A85CF23A /* Pods_weather.framework in Frameworks */ = {isa = PBXBuildFile; fileRef = CCBEC1209474F9D2ECAB49BF /* Pods_weather.framework */; };
		474373FDE87D4F5239B4D458 /* Pods_weatherTests.framework in Frameworks */ = {isa = PBXBuildFile; fileRef = 469A43E9969ACFC5C6EEFB08 /* Pods_weatherTests.framework */; };
		88895D1F29B2C58000C3EF11 /* AppDelegate.swift in Sources */ = {isa = PBXBuildFile; fileRef = 88895D1E29B2C58000C3EF11 /* AppDelegate.swift */; };
		88895D2129B2C58000C3EF11 /* SceneDelegate.swift in Sources */ = {isa = PBXBuildFile; fileRef = 88895D2029B2C58000C3EF11 /* SceneDelegate.swift */; };
		88895D2329B2C58000C3EF11 /* WeatherViewController.swift in Sources */ = {isa = PBXBuildFile; fileRef = 88895D2229B2C58000C3EF11 /* WeatherViewController.swift */; };
		88895D2829B2C58200C3EF11 /* Assets.xcassets in Resources */ = {isa = PBXBuildFile; fileRef = 88895D2729B2C58200C3EF11 /* Assets.xcassets */; };
		88895D2B29B2C58200C3EF11 /* LaunchScreen.storyboard in Resources */ = {isa = PBXBuildFile; fileRef = 88895D2929B2C58200C3EF11 /* LaunchScreen.storyboard */; };
		88895D4029B2C58200C3EF11 /* weatherUITests.swift in Sources */ = {isa = PBXBuildFile; fileRef = 88895D3F29B2C58200C3EF11 /* weatherUITests.swift */; };
		88895D4229B2C58200C3EF11 /* weatherUITestsLaunchTests.swift in Sources */ = {isa = PBXBuildFile; fileRef = 88895D4129B2C58200C3EF11 /* weatherUITestsLaunchTests.swift */; };
		88895D5229B2C9B700C3EF11 /* WeatherData.swift in Sources */ = {isa = PBXBuildFile; fileRef = 88895D5129B2C9B700C3EF11 /* WeatherData.swift */; };
		88895D5429B2C9CE00C3EF11 /* WeatherViewModel.swift in Sources */ = {isa = PBXBuildFile; fileRef = 88895D5329B2C9CE00C3EF11 /* WeatherViewModel.swift */; };
		88895D5729B2CD4300C3EF11 /* WeatherService.swift in Sources */ = {isa = PBXBuildFile; fileRef = 88895D5629B2CD4300C3EF11 /* WeatherService.swift */; };
		88895D5D29B30E7100C3EF11 /* WeatherViewModelTests.swift in Sources */ = {isa = PBXBuildFile; fileRef = 88895D5C29B30E7100C3EF11 /* WeatherViewModelTests.swift */; };
		88895D5E29B30EDD00C3EF11 /* WeatherViewModel.swift in Sources */ = {isa = PBXBuildFile; fileRef = 88895D5329B2C9CE00C3EF11 /* WeatherViewModel.swift */; };
		88895D5F29B30EE200C3EF11 /* WeatherService.swift in Sources */ = {isa = PBXBuildFile; fileRef = 88895D5629B2CD4300C3EF11 /* WeatherService.swift */; };
		88895D6029B30EFD00C3EF11 /* WeatherData.swift in Sources */ = {isa = PBXBuildFile; fileRef = 88895D5129B2C9B700C3EF11 /* WeatherData.swift */; };
		88895D6429B316EF00C3EF11 /* LocationManager.swift in Sources */ = {isa = PBXBuildFile; fileRef = 88895D6329B316EF00C3EF11 /* LocationManager.swift */; };
		88895D6529B408B400C3EF11 /* LocationManager.swift in Sources */ = {isa = PBXBuildFile; fileRef = 88895D6329B316EF00C3EF11 /* LocationManager.swift */; };
		FD653F2ACFA3A5EB7983A2CA /* Pods_weather_weatherUITests.framework in Frameworks */ = {isa = PBXBuildFile; fileRef = FF940A0CFC3E97E1376D7A36 /* Pods_weather_weatherUITests.framework */; };
/* End PBXBuildFile section */

/* Begin PBXContainerItemProxy section */
		88895D3229B2C58200C3EF11 /* PBXContainerItemProxy */ = {
			isa = PBXContainerItemProxy;
			containerPortal = 88895D1329B2C58000C3EF11 /* Project object */;
			proxyType = 1;
			remoteGlobalIDString = 88895D1A29B2C58000C3EF11;
			remoteInfo = weather;
		};
		88895D3C29B2C58200C3EF11 /* PBXContainerItemProxy */ = {
			isa = PBXContainerItemProxy;
			containerPortal = 88895D1329B2C58000C3EF11 /* Project object */;
			proxyType = 1;
			remoteGlobalIDString = 88895D1A29B2C58000C3EF11;
			remoteInfo = weather;
		};
/* End PBXContainerItemProxy section */

/* Begin PBXFileReference section */
		0D0D82DFFF50B2D0CD4F6621 /* Pods-weatherTests.debug.xcconfig */ = {isa = PBXFileReference; includeInIndex = 1; lastKnownFileType = text.xcconfig; name = "Pods-weatherTests.debug.xcconfig"; path = "Target Support Files/Pods-weatherTests/Pods-weatherTests.debug.xcconfig"; sourceTree = "<group>"; };
		3BEFCB0B68136FDE4B807C77 /* Pods-weather-weatherUITests.release.xcconfig */ = {isa = PBXFileReference; includeInIndex = 1; lastKnownFileType = text.xcconfig; name = "Pods-weather-weatherUITests.release.xcconfig"; path = "Target Support Files/Pods-weather-weatherUITests/Pods-weather-weatherUITests.release.xcconfig"; sourceTree = "<group>"; };
		469A43E9969ACFC5C6EEFB08 /* Pods_weatherTests.framework */ = {isa = PBXFileReference; explicitFileType = wrapper.framework; includeInIndex = 0; path = Pods_weatherTests.framework; sourceTree = BUILT_PRODUCTS_DIR; };
		88895D1B29B2C58000C3EF11 /* weather.app */ = {isa = PBXFileReference; explicitFileType = wrapper.application; includeInIndex = 0; path = weather.app; sourceTree = BUILT_PRODUCTS_DIR; };
		88895D1E29B2C58000C3EF11 /* AppDelegate.swift */ = {isa = PBXFileReference; lastKnownFileType = sourcecode.swift; path = AppDelegate.swift; sourceTree = "<group>"; };
		88895D2029B2C58000C3EF11 /* SceneDelegate.swift */ = {isa = PBXFileReference; lastKnownFileType = sourcecode.swift; path = SceneDelegate.swift; sourceTree = "<group>"; };
		88895D2229B2C58000C3EF11 /* WeatherViewController.swift */ = {isa = PBXFileReference; lastKnownFileType = sourcecode.swift; path = WeatherViewController.swift; sourceTree = "<group>"; };
		88895D2729B2C58200C3EF11 /* Assets.xcassets */ = {isa = PBXFileReference; lastKnownFileType = folder.assetcatalog; path = Assets.xcassets; sourceTree = "<group>"; };
		88895D2A29B2C58200C3EF11 /* Base */ = {isa = PBXFileReference; lastKnownFileType = file.storyboard; name = Base; path = Base.lproj/LaunchScreen.storyboard; sourceTree = "<group>"; };
		88895D2C29B2C58200C3EF11 /* Info.plist */ = {isa = PBXFileReference; lastKnownFileType = text.plist.xml; path = Info.plist; sourceTree = "<group>"; };
		88895D3129B2C58200C3EF11 /* weatherTests.xctest */ = {isa = PBXFileReference; explicitFileType = wrapper.cfbundle; includeInIndex = 0; path = weatherTests.xctest; sourceTree = BUILT_PRODUCTS_DIR; };
		88895D3B29B2C58200C3EF11 /* weatherUITests.xctest */ = {isa = PBXFileReference; explicitFileType = wrapper.cfbundle; includeInIndex = 0; path = weatherUITests.xctest; sourceTree = BUILT_PRODUCTS_DIR; };
		88895D3F29B2C58200C3EF11 /* weatherUITests.swift */ = {isa = PBXFileReference; lastKnownFileType = sourcecode.swift; path = weatherUITests.swift; sourceTree = "<group>"; };
		88895D4129B2C58200C3EF11 /* weatherUITestsLaunchTests.swift */ = {isa = PBXFileReference; lastKnownFileType = sourcecode.swift; path = weatherUITestsLaunchTests.swift; sourceTree = "<group>"; };
		88895D5129B2C9B700C3EF11 /* WeatherData.swift */ = {isa = PBXFileReference; lastKnownFileType = sourcecode.swift; path = WeatherData.swift; sourceTree = "<group>"; };
		88895D5329B2C9CE00C3EF11 /* WeatherViewModel.swift */ = {isa = PBXFileReference; lastKnownFileType = sourcecode.swift; path = WeatherViewModel.swift; sourceTree = "<group>"; };
		88895D5629B2CD4300C3EF11 /* WeatherService.swift */ = {isa = PBXFileReference; lastKnownFileType = sourcecode.swift; path = WeatherService.swift; sourceTree = "<group>"; };
		88895D5B29B30C5200C3EF11 /* ServicePrivateKeys.xcconfig */ = {isa = PBXFileReference; lastKnownFileType = text.xcconfig; path = ServicePrivateKeys.xcconfig; sourceTree = "<group>"; };
		88895D5C29B30E7100C3EF11 /* WeatherViewModelTests.swift */ = {isa = PBXFileReference; lastKnownFileType = sourcecode.swift; path = WeatherViewModelTests.swift; sourceTree = "<group>"; };
		88895D6329B316EF00C3EF11 /* LocationManager.swift */ = {isa = PBXFileReference; lastKnownFileType = sourcecode.swift; path = LocationManager.swift; sourceTree = "<group>"; };
		973C4695B36327D6655A2A21 /* Pods-weather-weatherUITests.debug.xcconfig */ = {isa = PBXFileReference; includeInIndex = 1; lastKnownFileType = text.xcconfig; name = "Pods-weather-weatherUITests.debug.xcconfig"; path = "Target Support Files/Pods-weather-weatherUITests/Pods-weather-weatherUITests.debug.xcconfig"; sourceTree = "<group>"; };
		B47DAE40CEBFDF4C46976927 /* Pods-weather.debug.xcconfig */ = {isa = PBXFileReference; includeInIndex = 1; lastKnownFileType = text.xcconfig; name = "Pods-weather.debug.xcconfig"; path = "Target Support Files/Pods-weather/Pods-weather.debug.xcconfig"; sourceTree = "<group>"; };
		CCBEC1209474F9D2ECAB49BF /* Pods_weather.framework */ = {isa = PBXFileReference; explicitFileType = wrapper.framework; includeInIndex = 0; path = Pods_weather.framework; sourceTree = BUILT_PRODUCTS_DIR; };
		F1718EDAE40BD3B42501364A /* Pods-weatherTests.release.xcconfig */ = {isa = PBXFileReference; includeInIndex = 1; lastKnownFileType = text.xcconfig; name = "Pods-weatherTests.release.xcconfig"; path = "Target Support Files/Pods-weatherTests/Pods-weatherTests.release.xcconfig"; sourceTree = "<group>"; };
		FBE75CE192FBBE3FEDCE5972 /* Pods-weather.release.xcconfig */ = {isa = PBXFileReference; includeInIndex = 1; lastKnownFileType = text.xcconfig; name = "Pods-weather.release.xcconfig"; path = "Target Support Files/Pods-weather/Pods-weather.release.xcconfig"; sourceTree = "<group>"; };
		FF940A0CFC3E97E1376D7A36 /* Pods_weather_weatherUITests.framework */ = {isa = PBXFileReference; explicitFileType = wrapper.framework; includeInIndex = 0; path = Pods_weather_weatherUITests.framework; sourceTree = BUILT_PRODUCTS_DIR; };
/* End PBXFileReference section */

/* Begin PBXFrameworksBuildPhase section */
		88895D1829B2C58000C3EF11 /* Frameworks */ = {
			isa = PBXFrameworksBuildPhase;
			buildActionMask = 2147483647;
			files = (
				36041FECA4FAB483A85CF23A /* Pods_weather.framework in Frameworks */,
			);
			runOnlyForDeploymentPostprocessing = 0;
		};
		88895D2E29B2C58200C3EF11 /* Frameworks */ = {
			isa = PBXFrameworksBuildPhase;
			buildActionMask = 2147483647;
			files = (
				474373FDE87D4F5239B4D458 /* Pods_weatherTests.framework in Frameworks */,
			);
			runOnlyForDeploymentPostprocessing = 0;
		};
		88895D3829B2C58200C3EF11 /* Frameworks */ = {
			isa = PBXFrameworksBuildPhase;
			buildActionMask = 2147483647;
			files = (
				FD653F2ACFA3A5EB7983A2CA /* Pods_weather_weatherUITests.framework in Frameworks */,
			);
			runOnlyForDeploymentPostprocessing = 0;
		};
/* End PBXFrameworksBuildPhase section */

/* Begin PBXGroup section */
		12CD1A5AE2D62CD438AFD0A1 /* Pods */ = {
			isa = PBXGroup;
			children = (
				B47DAE40CEBFDF4C46976927 /* Pods-weather.debug.xcconfig */,
				FBE75CE192FBBE3FEDCE5972 /* Pods-weather.release.xcconfig */,
				973C4695B36327D6655A2A21 /* Pods-weather-weatherUITests.debug.xcconfig */,
				3BEFCB0B68136FDE4B807C77 /* Pods-weather-weatherUITests.release.xcconfig */,
				0D0D82DFFF50B2D0CD4F6621 /* Pods-weatherTests.debug.xcconfig */,
				F1718EDAE40BD3B42501364A /* Pods-weatherTests.release.xcconfig */,
			);
			path = Pods;
			sourceTree = "<group>";
		};
		56A11872774325D9B463547C /* Frameworks */ = {
			isa = PBXGroup;
			children = (
				CCBEC1209474F9D2ECAB49BF /* Pods_weather.framework */,
				FF940A0CFC3E97E1376D7A36 /* Pods_weather_weatherUITests.framework */,
				469A43E9969ACFC5C6EEFB08 /* Pods_weatherTests.framework */,
			);
			name = Frameworks;
			sourceTree = "<group>";
		};
		88895D1229B2C58000C3EF11 = {
			isa = PBXGroup;
			children = (
				88895D1D29B2C58000C3EF11 /* weather */,
				88895D3429B2C58200C3EF11 /* weatherTests */,
				88895D3E29B2C58200C3EF11 /* weatherUITests */,
				88895D1C29B2C58000C3EF11 /* Products */,
				12CD1A5AE2D62CD438AFD0A1 /* Pods */,
				56A11872774325D9B463547C /* Frameworks */,
			);
			sourceTree = "<group>";
		};
		88895D1C29B2C58000C3EF11 /* Products */ = {
			isa = PBXGroup;
			children = (
				88895D1B29B2C58000C3EF11 /* weather.app */,
				88895D3129B2C58200C3EF11 /* weatherTests.xctest */,
				88895D3B29B2C58200C3EF11 /* weatherUITests.xctest */,
			);
			name = Products;
			sourceTree = "<group>";
		};
		88895D1D29B2C58000C3EF11 /* weather */ = {
			isa = PBXGroup;
			children = (
				88895D1E29B2C58000C3EF11 /* AppDelegate.swift */,
				88895D2029B2C58000C3EF11 /* SceneDelegate.swift */,
				88895D5529B2CD3300C3EF11 /* Services */,
				88895D5029B2C99C00C3EF11 /* ViewModels */,
				88895D4F29B2C99300C3EF11 /* Models */,
				88895D4E29B2C98200C3EF11 /* ViewControllers */,
				88895D2729B2C58200C3EF11 /* Assets.xcassets */,
				88895D2929B2C58200C3EF11 /* LaunchScreen.storyboard */,
				88895D2C29B2C58200C3EF11 /* Info.plist */,
				88895D5B29B30C5200C3EF11 /* ServicePrivateKeys.xcconfig */,
			);
			path = weather;
			sourceTree = "<group>";
		};
		88895D3429B2C58200C3EF11 /* weatherTests */ = {
			isa = PBXGroup;
			children = (
				88895D5C29B30E7100C3EF11 /* WeatherViewModelTests.swift */,
			);
			path = weatherTests;
			sourceTree = "<group>";
		};
		88895D3E29B2C58200C3EF11 /* weatherUITests */ = {
			isa = PBXGroup;
			children = (
				88895D3F29B2C58200C3EF11 /* weatherUITests.swift */,
				88895D4129B2C58200C3EF11 /* weatherUITestsLaunchTests.swift */,
			);
			path = weatherUITests;
			sourceTree = "<group>";
		};
		88895D4E29B2C98200C3EF11 /* ViewControllers */ = {
			isa = PBXGroup;
			children = (
				88895D2229B2C58000C3EF11 /* WeatherViewController.swift */,
			);
			path = ViewControllers;
			sourceTree = "<group>";
		};
		88895D4F29B2C99300C3EF11 /* Models */ = {
			isa = PBXGroup;
			children = (
				88895D5129B2C9B700C3EF11 /* WeatherData.swift */,
			);
			path = Models;
			sourceTree = "<group>";
		};
		88895D5029B2C99C00C3EF11 /* ViewModels */ = {
			isa = PBXGroup;
			children = (
				88895D5329B2C9CE00C3EF11 /* WeatherViewModel.swift */,
			);
			path = ViewModels;
			sourceTree = "<group>";
		};
		88895D5529B2CD3300C3EF11 /* Services */ = {
			isa = PBXGroup;
			children = (
				88895D5629B2CD4300C3EF11 /* WeatherService.swift */,
				88895D6329B316EF00C3EF11 /* LocationManager.swift */,
			);
			path = Services;
			sourceTree = "<group>";
		};
/* End PBXGroup section */

/* Begin PBXNativeTarget section */
		88895D1A29B2C58000C3EF11 /* weather */ = {
			isa = PBXNativeTarget;
			buildConfigurationList = 88895D4529B2C58200C3EF11 /* Build configuration list for PBXNativeTarget "weather" */;
			buildPhases = (
				33737C53D8BB0C39351A22F7 /* [CP] Check Pods Manifest.lock */,
				88895D1729B2C58000C3EF11 /* Sources */,
				88895D1829B2C58000C3EF11 /* Frameworks */,
				88895D1929B2C58000C3EF11 /* Resources */,
				AE11E6ECC389FD44EF40B56A /* [CP] Embed Pods Frameworks */,
			);
			buildRules = (
			);
			dependencies = (
			);
			name = weather;
			productName = weather;
			productReference = 88895D1B29B2C58000C3EF11 /* weather.app */;
			productType = "com.apple.product-type.application";
		};
		88895D3029B2C58200C3EF11 /* weatherTests */ = {
			isa = PBXNativeTarget;
			buildConfigurationList = 88895D4829B2C58200C3EF11 /* Build configuration list for PBXNativeTarget "weatherTests" */;
			buildPhases = (
				2F26F91137B66F169018D0AA /* [CP] Check Pods Manifest.lock */,
				88895D2D29B2C58200C3EF11 /* Sources */,
				88895D2E29B2C58200C3EF11 /* Frameworks */,
				88895D2F29B2C58200C3EF11 /* Resources */,
			);
			buildRules = (
			);
			dependencies = (
				88895D3329B2C58200C3EF11 /* PBXTargetDependency */,
			);
			name = weatherTests;
			productName = weatherTests;
			productReference = 88895D3129B2C58200C3EF11 /* weatherTests.xctest */;
			productType = "com.apple.product-type.bundle.unit-test";
		};
		88895D3A29B2C58200C3EF11 /* weatherUITests */ = {
			isa = PBXNativeTarget;
			buildConfigurationList = 88895D4B29B2C58200C3EF11 /* Build configuration list for PBXNativeTarget "weatherUITests" */;
			buildPhases = (
				DA3B82E37CB2C897ABF9099C /* [CP] Check Pods Manifest.lock */,
				88895D3729B2C58200C3EF11 /* Sources */,
				88895D3829B2C58200C3EF11 /* Frameworks */,
				88895D3929B2C58200C3EF11 /* Resources */,
				5310A347EB8A030013AE8F78 /* [CP] Embed Pods Frameworks */,
			);
			buildRules = (
			);
			dependencies = (
				88895D3D29B2C58200C3EF11 /* PBXTargetDependency */,
			);
			name = weatherUITests;
			productName = weatherUITests;
			productReference = 88895D3B29B2C58200C3EF11 /* weatherUITests.xctest */;
			productType = "com.apple.product-type.bundle.ui-testing";
		};
/* End PBXNativeTarget section */

/* Begin PBXProject section */
		88895D1329B2C58000C3EF11 /* Project object */ = {
			isa = PBXProject;
			attributes = {
				BuildIndependentTargetsInParallel = 1;
				LastSwiftUpdateCheck = 1420;
				LastUpgradeCheck = 1420;
				TargetAttributes = {
					88895D1A29B2C58000C3EF11 = {
						CreatedOnToolsVersion = 14.2;
					};
					88895D3029B2C58200C3EF11 = {
						CreatedOnToolsVersion = 14.2;
						TestTargetID = 88895D1A29B2C58000C3EF11;
					};
					88895D3A29B2C58200C3EF11 = {
						CreatedOnToolsVersion = 14.2;
						TestTargetID = 88895D1A29B2C58000C3EF11;
					};
				};
			};
			buildConfigurationList = 88895D1629B2C58000C3EF11 /* Build configuration list for PBXProject "weather" */;
			compatibilityVersion = "Xcode 14.0";
			developmentRegion = en;
			hasScannedForEncodings = 0;
			knownRegions = (
				en,
				Base,
			);
			mainGroup = 88895D1229B2C58000C3EF11;
			productRefGroup = 88895D1C29B2C58000C3EF11 /* Products */;
			projectDirPath = "";
			projectRoot = "";
			targets = (
				88895D1A29B2C58000C3EF11 /* weather */,
				88895D3029B2C58200C3EF11 /* weatherTests */,
				88895D3A29B2C58200C3EF11 /* weatherUITests */,
			);
		};
/* End PBXProject section */

/* Begin PBXResourcesBuildPhase section */
		88895D1929B2C58000C3EF11 /* Resources */ = {
			isa = PBXResourcesBuildPhase;
			buildActionMask = 2147483647;
			files = (
				88895D2B29B2C58200C3EF11 /* LaunchScreen.storyboard in Resources */,
				88895D2829B2C58200C3EF11 /* Assets.xcassets in Resources */,
			);
			runOnlyForDeploymentPostprocessing = 0;
		};
		88895D2F29B2C58200C3EF11 /* Resources */ = {
			isa = PBXResourcesBuildPhase;
			buildActionMask = 2147483647;
			files = (
			);
			runOnlyForDeploymentPostprocessing = 0;
		};
		88895D3929B2C58200C3EF11 /* Resources */ = {
			isa = PBXResourcesBuildPhase;
			buildActionMask = 2147483647;
			files = (
			);
			runOnlyForDeploymentPostprocessing = 0;
		};
/* End PBXResourcesBuildPhase section */

/* Begin PBXShellScriptBuildPhase section */
		2F26F91137B66F169018D0AA /* [CP] Check Pods Manifest.lock */ = {
			isa = PBXShellScriptBuildPhase;
			buildActionMask = 2147483647;
			files = (
			);
			inputFileListPaths = (
			);
			inputPaths = (
				"${PODS_PODFILE_DIR_PATH}/Podfile.lock",
				"${PODS_ROOT}/Manifest.lock",
			);
			name = "[CP] Check Pods Manifest.lock";
			outputFileListPaths = (
			);
			outputPaths = (
				"$(DERIVED_FILE_DIR)/Pods-weatherTests-checkManifestLockResult.txt",
			);
			runOnlyForDeploymentPostprocessing = 0;
			shellPath = /bin/sh;
			shellScript = "diff \"${PODS_PODFILE_DIR_PATH}/Podfile.lock\" \"${PODS_ROOT}/Manifest.lock\" > /dev/null\nif [ $? != 0 ] ; then\n    # print error to STDERR\n    echo \"error: The sandbox is not in sync with the Podfile.lock. Run 'pod install' or update your CocoaPods installation.\" >&2\n    exit 1\nfi\n# This output is used by Xcode 'outputs' to avoid re-running this script phase.\necho \"SUCCESS\" > \"${SCRIPT_OUTPUT_FILE_0}\"\n";
			showEnvVarsInLog = 0;
		};
		33737C53D8BB0C39351A22F7 /* [CP] Check Pods Manifest.lock */ = {
			isa = PBXShellScriptBuildPhase;
			buildActionMask = 2147483647;
			files = (
			);
			inputFileListPaths = (
			);
			inputPaths = (
				"${PODS_PODFILE_DIR_PATH}/Podfile.lock",
				"${PODS_ROOT}/Manifest.lock",
			);
			name = "[CP] Check Pods Manifest.lock";
			outputFileListPaths = (
			);
			outputPaths = (
				"$(DERIVED_FILE_DIR)/Pods-weather-checkManifestLockResult.txt",
			);
			runOnlyForDeploymentPostprocessing = 0;
			shellPath = /bin/sh;
			shellScript = "diff \"${PODS_PODFILE_DIR_PATH}/Podfile.lock\" \"${PODS_ROOT}/Manifest.lock\" > /dev/null\nif [ $? != 0 ] ; then\n    # print error to STDERR\n    echo \"error: The sandbox is not in sync with the Podfile.lock. Run 'pod install' or update your CocoaPods installation.\" >&2\n    exit 1\nfi\n# This output is used by Xcode 'outputs' to avoid re-running this script phase.\necho \"SUCCESS\" > \"${SCRIPT_OUTPUT_FILE_0}\"\n";
			showEnvVarsInLog = 0;
		};
		5310A347EB8A030013AE8F78 /* [CP] Embed Pods Frameworks */ = {
			isa = PBXShellScriptBuildPhase;
			buildActionMask = 2147483647;
			files = (
			);
			inputFileListPaths = (
				"${PODS_ROOT}/Target Support Files/Pods-weather-weatherUITests/Pods-weather-weatherUITests-frameworks-${CONFIGURATION}-input-files.xcfilelist",
			);
			name = "[CP] Embed Pods Frameworks";
			outputFileListPaths = (
				"${PODS_ROOT}/Target Support Files/Pods-weather-weatherUITests/Pods-weather-weatherUITests-frameworks-${CONFIGURATION}-output-files.xcfilelist",
			);
			runOnlyForDeploymentPostprocessing = 0;
			shellPath = /bin/sh;
			shellScript = "\"${PODS_ROOT}/Target Support Files/Pods-weather-weatherUITests/Pods-weather-weatherUITests-frameworks.sh\"\n";
			showEnvVarsInLog = 0;
		};
		AE11E6ECC389FD44EF40B56A /* [CP] Embed Pods Frameworks */ = {
			isa = PBXShellScriptBuildPhase;
			buildActionMask = 2147483647;
			files = (
			);
			inputFileListPaths = (
				"${PODS_ROOT}/Target Support Files/Pods-weather/Pods-weather-frameworks-${CONFIGURATION}-input-files.xcfilelist",
			);
			name = "[CP] Embed Pods Frameworks";
			outputFileListPaths = (
				"${PODS_ROOT}/Target Support Files/Pods-weather/Pods-weather-frameworks-${CONFIGURATION}-output-files.xcfilelist",
			);
			runOnlyForDeploymentPostprocessing = 0;
			shellPath = /bin/sh;
			shellScript = "\"${PODS_ROOT}/Target Support Files/Pods-weather/Pods-weather-frameworks.sh\"\n";
			showEnvVarsInLog = 0;
		};
		DA3B82E37CB2C897ABF9099C /* [CP] Check Pods Manifest.lock */ = {
			isa = PBXShellScriptBuildPhase;
			buildActionMask = 2147483647;
			files = (
			);
			inputFileListPaths = (
			);
			inputPaths = (
				"${PODS_PODFILE_DIR_PATH}/Podfile.lock",
				"${PODS_ROOT}/Manifest.lock",
			);
			name = "[CP] Check Pods Manifest.lock";
			outputFileListPaths = (
			);
			outputPaths = (
				"$(DERIVED_FILE_DIR)/Pods-weather-weatherUITests-checkManifestLockResult.txt",
			);
			runOnlyForDeploymentPostprocessing = 0;
			shellPath = /bin/sh;
			shellScript = "diff \"${PODS_PODFILE_DIR_PATH}/Podfile.lock\" \"${PODS_ROOT}/Manifest.lock\" > /dev/null\nif [ $? != 0 ] ; then\n    # print error to STDERR\n    echo \"error: The sandbox is not in sync with the Podfile.lock. Run 'pod install' or update your CocoaPods installation.\" >&2\n    exit 1\nfi\n# This output is used by Xcode 'outputs' to avoid re-running this script phase.\necho \"SUCCESS\" > \"${SCRIPT_OUTPUT_FILE_0}\"\n";
			showEnvVarsInLog = 0;
		};
/* End PBXShellScriptBuildPhase section */

/* Begin PBXSourcesBuildPhase section */
		88895D1729B2C58000C3EF11 /* Sources */ = {
			isa = PBXSourcesBuildPhase;
			buildActionMask = 2147483647;
			files = (
				88895D5429B2C9CE00C3EF11 /* WeatherViewModel.swift in Sources */,
				88895D2329B2C58000C3EF11 /* WeatherViewController.swift in Sources */,
				88895D1F29B2C58000C3EF11 /* AppDelegate.swift in Sources */,
				88895D6429B316EF00C3EF11 /* LocationManager.swift in Sources */,
				88895D5229B2C9B700C3EF11 /* WeatherData.swift in Sources */,
				88895D5729B2CD4300C3EF11 /* WeatherService.swift in Sources */,
				88895D2129B2C58000C3EF11 /* SceneDelegate.swift in Sources */,
			);
			runOnlyForDeploymentPostprocessing = 0;
		};
		88895D2D29B2C58200C3EF11 /* Sources */ = {
			isa = PBXSourcesBuildPhase;
			buildActionMask = 2147483647;
			files = (
				88895D5F29B30EE200C3EF11 /* WeatherService.swift in Sources */,
				88895D6029B30EFD00C3EF11 /* WeatherData.swift in Sources */,
				88895D6529B408B400C3EF11 /* LocationManager.swift in Sources */,
				88895D5E29B30EDD00C3EF11 /* WeatherViewModel.swift in Sources */,
				88895D5D29B30E7100C3EF11 /* WeatherViewModelTests.swift in Sources */,
			);
			runOnlyForDeploymentPostprocessing = 0;
		};
		88895D3729B2C58200C3EF11 /* Sources */ = {
			isa = PBXSourcesBuildPhase;
			buildActionMask = 2147483647;
			files = (
				88895D4029B2C58200C3EF11 /* weatherUITests.swift in Sources */,
				88895D4229B2C58200C3EF11 /* weatherUITestsLaunchTests.swift in Sources */,
			);
			runOnlyForDeploymentPostprocessing = 0;
		};
/* End PBXSourcesBuildPhase section */

/* Begin PBXTargetDependency section */
		88895D3329B2C58200C3EF11 /* PBXTargetDependency */ = {
			isa = PBXTargetDependency;
			target = 88895D1A29B2C58000C3EF11 /* weather */;
			targetProxy = 88895D3229B2C58200C3EF11 /* PBXContainerItemProxy */;
		};
		88895D3D29B2C58200C3EF11 /* PBXTargetDependency */ = {
			isa = PBXTargetDependency;
			target = 88895D1A29B2C58000C3EF11 /* weather */;
			targetProxy = 88895D3C29B2C58200C3EF11 /* PBXContainerItemProxy */;
		};
/* End PBXTargetDependency section */

/* Begin PBXVariantGroup section */
		88895D2929B2C58200C3EF11 /* LaunchScreen.storyboard */ = {
			isa = PBXVariantGroup;
			children = (
				88895D2A29B2C58200C3EF11 /* Base */,
			);
			name = LaunchScreen.storyboard;
			sourceTree = "<group>";
		};
/* End PBXVariantGroup section */

/* Begin XCBuildConfiguration section */
		88895D4329B2C58200C3EF11 /* Debug */ = {
			isa = XCBuildConfiguration;
			baseConfigurationReference = 88895D5B29B30C5200C3EF11 /* ServicePrivateKeys.xcconfig */;
			buildSettings = {
				ALWAYS_SEARCH_USER_PATHS = NO;
				CLANG_ANALYZER_NONNULL = YES;
				CLANG_ANALYZER_NUMBER_OBJECT_CONVERSION = YES_AGGRESSIVE;
				CLANG_CXX_LANGUAGE_STANDARD = "gnu++20";
				CLANG_ENABLE_MODULES = YES;
				CLANG_ENABLE_OBJC_ARC = YES;
				CLANG_ENABLE_OBJC_WEAK = YES;
				CLANG_WARN_BLOCK_CAPTURE_AUTORELEASING = YES;
				CLANG_WARN_BOOL_CONVERSION = YES;
				CLANG_WARN_COMMA = YES;
				CLANG_WARN_CONSTANT_CONVERSION = YES;
				CLANG_WARN_DEPRECATED_OBJC_IMPLEMENTATIONS = YES;
				CLANG_WARN_DIRECT_OBJC_ISA_USAGE = YES_ERROR;
				CLANG_WARN_DOCUMENTATION_COMMENTS = YES;
				CLANG_WARN_EMPTY_BODY = YES;
				CLANG_WARN_ENUM_CONVERSION = YES;
				CLANG_WARN_INFINITE_RECURSION = YES;
				CLANG_WARN_INT_CONVERSION = YES;
				CLANG_WARN_NON_LITERAL_NULL_CONVERSION = YES;
				CLANG_WARN_OBJC_IMPLICIT_RETAIN_SELF = YES;
				CLANG_WARN_OBJC_LITERAL_CONVERSION = YES;
				CLANG_WARN_OBJC_ROOT_CLASS = YES_ERROR;
				CLANG_WARN_QUOTED_INCLUDE_IN_FRAMEWORK_HEADER = YES;
				CLANG_WARN_RANGE_LOOP_ANALYSIS = YES;
				CLANG_WARN_STRICT_PROTOTYPES = YES;
				CLANG_WARN_SUSPICIOUS_MOVE = YES;
				CLANG_WARN_UNGUARDED_AVAILABILITY = YES_AGGRESSIVE;
				CLANG_WARN_UNREACHABLE_CODE = YES;
				CLANG_WARN__DUPLICATE_METHOD_MATCH = YES;
				COPY_PHASE_STRIP = NO;
				DEBUG_INFORMATION_FORMAT = dwarf;
				ENABLE_STRICT_OBJC_MSGSEND = YES;
				ENABLE_TESTABILITY = YES;
				GCC_C_LANGUAGE_STANDARD = gnu11;
				GCC_DYNAMIC_NO_PIC = NO;
				GCC_NO_COMMON_BLOCKS = YES;
				GCC_OPTIMIZATION_LEVEL = 0;
				GCC_PREPROCESSOR_DEFINITIONS = (
					"DEBUG=1",
					"$(inherited)",
				);
				GCC_WARN_64_TO_32_BIT_CONVERSION = YES;
				GCC_WARN_ABOUT_RETURN_TYPE = YES_ERROR;
				GCC_WARN_UNDECLARED_SELECTOR = YES;
				GCC_WARN_UNINITIALIZED_AUTOS = YES_AGGRESSIVE;
				GCC_WARN_UNUSED_FUNCTION = YES;
				GCC_WARN_UNUSED_VARIABLE = YES;
				IPHONEOS_DEPLOYMENT_TARGET = 16.0;
				MTL_ENABLE_DEBUG_INFO = INCLUDE_SOURCE;
				MTL_FAST_MATH = YES;
				ONLY_ACTIVE_ARCH = YES;
				SDKROOT = iphoneos;
				SWIFT_ACTIVE_COMPILATION_CONDITIONS = DEBUG;
				SWIFT_OPTIMIZATION_LEVEL = "-Onone";
			};
			name = Debug;
		};
		88895D4429B2C58200C3EF11 /* Release */ = {
			isa = XCBuildConfiguration;
			buildSettings = {
				ALWAYS_SEARCH_USER_PATHS = NO;
				CLANG_ANALYZER_NONNULL = YES;
				CLANG_ANALYZER_NUMBER_OBJECT_CONVERSION = YES_AGGRESSIVE;
				CLANG_CXX_LANGUAGE_STANDARD = "gnu++20";
				CLANG_ENABLE_MODULES = YES;
				CLANG_ENABLE_OBJC_ARC = YES;
				CLANG_ENABLE_OBJC_WEAK = YES;
				CLANG_WARN_BLOCK_CAPTURE_AUTORELEASING = YES;
				CLANG_WARN_BOOL_CONVERSION = YES;
				CLANG_WARN_COMMA = YES;
				CLANG_WARN_CONSTANT_CONVERSION = YES;
				CLANG_WARN_DEPRECATED_OBJC_IMPLEMENTATIONS = YES;
				CLANG_WARN_DIRECT_OBJC_ISA_USAGE = YES_ERROR;
				CLANG_WARN_DOCUMENTATION_COMMENTS = YES;
				CLANG_WARN_EMPTY_BODY = YES;
				CLANG_WARN_ENUM_CONVERSION = YES;
				CLANG_WARN_INFINITE_RECURSION = YES;
				CLANG_WARN_INT_CONVERSION = YES;
				CLANG_WARN_NON_LITERAL_NULL_CONVERSION = YES;
				CLANG_WARN_OBJC_IMPLICIT_RETAIN_SELF = YES;
				CLANG_WARN_OBJC_LITERAL_CONVERSION = YES;
				CLANG_WARN_OBJC_ROOT_CLASS = YES_ERROR;
				CLANG_WARN_QUOTED_INCLUDE_IN_FRAMEWORK_HEADER = YES;
				CLANG_WARN_RANGE_LOOP_ANALYSIS = YES;
				CLANG_WARN_STRICT_PROTOTYPES = YES;
				CLANG_WARN_SUSPICIOUS_MOVE = YES;
				CLANG_WARN_UNGUARDED_AVAILABILITY = YES_AGGRESSIVE;
				CLANG_WARN_UNREACHABLE_CODE = YES;
				CLANG_WARN__DUPLICATE_METHOD_MATCH = YES;
				COPY_PHASE_STRIP = NO;
				DEBUG_INFORMATION_FORMAT = "dwarf-with-dsym";
				ENABLE_NS_ASSERTIONS = NO;
				ENABLE_STRICT_OBJC_MSGSEND = YES;
				GCC_C_LANGUAGE_STANDARD = gnu11;
				GCC_NO_COMMON_BLOCKS = YES;
				GCC_WARN_64_TO_32_BIT_CONVERSION = YES;
				GCC_WARN_ABOUT_RETURN_TYPE = YES_ERROR;
				GCC_WARN_UNDECLARED_SELECTOR = YES;
				GCC_WARN_UNINITIALIZED_AUTOS = YES_AGGRESSIVE;
				GCC_WARN_UNUSED_FUNCTION = YES;
				GCC_WARN_UNUSED_VARIABLE = YES;
				IPHONEOS_DEPLOYMENT_TARGET = 16.0;
				MTL_ENABLE_DEBUG_INFO = NO;
				MTL_FAST_MATH = YES;
				SDKROOT = iphoneos;
				SWIFT_COMPILATION_MODE = wholemodule;
				SWIFT_OPTIMIZATION_LEVEL = "-O";
				VALIDATE_PRODUCT = YES;
			};
			name = Release;
		};
		88895D4629B2C58200C3EF11 /* Debug */ = {
			isa = XCBuildConfiguration;
			baseConfigurationReference = 973C4695B36327D6655A2A21 /* Pods-weather-weatherUITests.debug.xcconfig */;
			buildSettings = {
				ASSETCATALOG_COMPILER_APPICON_NAME = AppIcon;
				ASSETCATALOG_COMPILER_GLOBAL_ACCENT_COLOR_NAME = AccentColor;
				CODE_SIGN_STYLE = Automatic;
				CURRENT_PROJECT_VERSION = 1;
				DEVELOPMENT_TEAM = V5WFPWBDLH;
				GENERATE_INFOPLIST_FILE = YES;
				INFOPLIST_FILE = weather/Info.plist;
				INFOPLIST_KEY_UIApplicationSupportsIndirectInputEvents = YES;
				INFOPLIST_KEY_UILaunchStoryboardName = LaunchScreen;
				INFOPLIST_KEY_UISupportedInterfaceOrientations_iPad = "UIInterfaceOrientationPortrait UIInterfaceOrientationPortraitUpsideDown UIInterfaceOrientationLandscapeLeft UIInterfaceOrientationLandscapeRight";
				INFOPLIST_KEY_UISupportedInterfaceOrientations_iPhone = "UIInterfaceOrientationPortrait UIInterfaceOrientationLandscapeLeft UIInterfaceOrientationLandscapeRight";
				LD_RUNPATH_SEARCH_PATHS = (
					"$(inherited)",
					"@executable_path/Frameworks",
				);
				MARKETING_VERSION = 1.0;
				PRODUCT_BUNDLE_IDENTIFIER = jz.weather;
				PRODUCT_NAME = "$(TARGET_NAME)";
				SWIFT_EMIT_LOC_STRINGS = YES;
				SWIFT_VERSION = 5.0;
				TARGETED_DEVICE_FAMILY = "1,2";
			};
			name = Debug;
		};
		88895D4729B2C58200C3EF11 /* Release */ = {
			isa = XCBuildConfiguration;
			baseConfigurationReference = FBE75CE192FBBE3FEDCE5972 /* Pods-weather.release.xcconfig */;
			buildSettings = {
				ASSETCATALOG_COMPILER_APPICON_NAME = AppIcon;
				ASSETCATALOG_COMPILER_GLOBAL_ACCENT_COLOR_NAME = AccentColor;
				CODE_SIGN_STYLE = Automatic;
				CURRENT_PROJECT_VERSION = 1;
				DEVELOPMENT_TEAM = V5WFPWBDLH;
				GENERATE_INFOPLIST_FILE = YES;
				INFOPLIST_FILE = weather/Info.plist;
				INFOPLIST_KEY_UIApplicationSupportsIndirectInputEvents = YES;
				INFOPLIST_KEY_UILaunchStoryboardName = LaunchScreen;
				INFOPLIST_KEY_UISupportedInterfaceOrientations_iPad = "UIInterfaceOrientationPortrait UIInterfaceOrientationPortraitUpsideDown UIInterfaceOrientationLandscapeLeft UIInterfaceOrientationLandscapeRight";
				INFOPLIST_KEY_UISupportedInterfaceOrientations_iPhone = "UIInterfaceOrientationPortrait UIInterfaceOrientationLandscapeLeft UIInterfaceOrientationLandscapeRight";
				LD_RUNPATH_SEARCH_PATHS = (
					"$(inherited)",
					"@executable_path/Frameworks",
				);
				MARKETING_VERSION = 1.0;
				PRODUCT_BUNDLE_IDENTIFIER = jz.weather;
				PRODUCT_NAME = "$(TARGET_NAME)";
				SWIFT_EMIT_LOC_STRINGS = YES;
				SWIFT_VERSION = 5.0;
				TARGETED_DEVICE_FAMILY = "1,2";
			};
			name = Release;
		};
		88895D4929B2C58200C3EF11 /* Debug */ = {
			isa = XCBuildConfiguration;
			baseConfigurationReference = 0D0D82DFFF50B2D0CD4F6621 /* Pods-weatherTests.debug.xcconfig */;
			buildSettings = {
				ALWAYS_EMBED_SWIFT_STANDARD_LIBRARIES = YES;
				BUNDLE_LOADER = "$(TEST_HOST)";
				CODE_SIGN_STYLE = Automatic;
				CURRENT_PROJECT_VERSION = 1;
				DEVELOPMENT_TEAM = V5WFPWBDLH;
				GENERATE_INFOPLIST_FILE = YES;
				IPHONEOS_DEPLOYMENT_TARGET = 16.2;
				MARKETING_VERSION = 1.0;
				PRODUCT_BUNDLE_IDENTIFIER = jz.weatherTests;
				PRODUCT_NAME = "$(TARGET_NAME)";
				SWIFT_EMIT_LOC_STRINGS = NO;
				SWIFT_VERSION = 5.0;
				TARGETED_DEVICE_FAMILY = "1,2";
				TEST_HOST = "$(BUILT_PRODUCTS_DIR)/weather.app/$(BUNDLE_EXECUTABLE_FOLDER_PATH)/weather";
			};
			name = Debug;
		};
		88895D4A29B2C58200C3EF11 /* Release */ = {
			isa = XCBuildConfiguration;
			baseConfigurationReference = F1718EDAE40BD3B42501364A /* Pods-weatherTests.release.xcconfig */;
			buildSettings = {
				ALWAYS_EMBED_SWIFT_STANDARD_LIBRARIES = YES;
				BUNDLE_LOADER = "$(TEST_HOST)";
				CODE_SIGN_STYLE = Automatic;
				CURRENT_PROJECT_VERSION = 1;
				DEVELOPMENT_TEAM = V5WFPWBDLH;
				GENERATE_INFOPLIST_FILE = YES;
				IPHONEOS_DEPLOYMENT_TARGET = 16.2;
				MARKETING_VERSION = 1.0;
				PRODUCT_BUNDLE_IDENTIFIER = jz.weatherTests;
				PRODUCT_NAME = "$(TARGET_NAME)";
				SWIFT_EMIT_LOC_STRINGS = NO;
				SWIFT_VERSION = 5.0;
				TARGETED_DEVICE_FAMILY = "1,2";
				TEST_HOST = "$(BUILT_PRODUCTS_DIR)/weather.app/$(BUNDLE_EXECUTABLE_FOLDER_PATH)/weather";
			};
			name = Release;
		};
		88895D4C29B2C58200C3EF11 /* Debug */ = {
			isa = XCBuildConfiguration;
			baseConfigurationReference = 973C4695B36327D6655A2A21 /* Pods-weather-weatherUITests.debug.xcconfig */;
			buildSettings = {
				ALWAYS_EMBED_SWIFT_STANDARD_LIBRARIES = YES;
				CODE_SIGN_STYLE = Automatic;
				CURRENT_PROJECT_VERSION = 1;
				DEVELOPMENT_TEAM = V5WFPWBDLH;
				GENERATE_INFOPLIST_FILE = YES;
				MARKETING_VERSION = 1.0;
				PRODUCT_BUNDLE_IDENTIFIER = jz.weatherUITests;
				PRODUCT_NAME = "$(TARGET_NAME)";
				SWIFT_EMIT_LOC_STRINGS = NO;
				SWIFT_VERSION = 5.0;
				TARGETED_DEVICE_FAMILY = "1,2";
				TEST_TARGET_NAME = weather;
			};
			name = Debug;
		};
		88895D4D29B2C58200C3EF11 /* Release */ = {
			isa = XCBuildConfiguration;
			baseConfigurationReference = 3BEFCB0B68136FDE4B807C77 /* Pods-weather-weatherUITests.release.xcconfig */;
			buildSettings = {
				ALWAYS_EMBED_SWIFT_STANDARD_LIBRARIES = YES;
				CODE_SIGN_STYLE = Automatic;
				CURRENT_PROJECT_VERSION = 1;
				DEVELOPMENT_TEAM = V5WFPWBDLH;
				GENERATE_INFOPLIST_FILE = YES;
				MARKETING_VERSION = 1.0;
				PRODUCT_BUNDLE_IDENTIFIER = jz.weatherUITests;
				PRODUCT_NAME = "$(TARGET_NAME)";
				SWIFT_EMIT_LOC_STRINGS = NO;
				SWIFT_VERSION = 5.0;
				TARGETED_DEVICE_FAMILY = "1,2";
				TEST_TARGET_NAME = weather;
			};
			name = Release;
		};
/* End XCBuildConfiguration section */

/* Begin XCConfigurationList section */
		88895D1629B2C58000C3EF11 /* Build configuration list for PBXProject "weather" */ = {
			isa = XCConfigurationList;
			buildConfigurations = (
				88895D4329B2C58200C3EF11 /* Debug */,
				88895D4429B2C58200C3EF11 /* Release */,
			);
			defaultConfigurationIsVisible = 0;
			defaultConfigurationName = Release;
		};
		88895D4529B2C58200C3EF11 /* Build configuration list for PBXNativeTarget "weather" */ = {
			isa = XCConfigurationList;
			buildConfigurations = (
				88895D4629B2C58200C3EF11 /* Debug */,
				88895D4729B2C58200C3EF11 /* Release */,
			);
			defaultConfigurationIsVisible = 0;
			defaultConfigurationName = Release;
		};
		88895D4829B2C58200C3EF11 /* Build configuration list for PBXNativeTarget "weatherTests" */ = {
			isa = XCConfigurationList;
			buildConfigurations = (
				88895D4929B2C58200C3EF11 /* Debug */,
				88895D4A29B2C58200C3EF11 /* Release */,
			);
			defaultConfigurationIsVisible = 0;
			defaultConfigurationName = Release;
		};
		88895D4B29B2C58200C3EF11 /* Build configuration list for PBXNativeTarget "weatherUITests" */ = {
			isa = XCConfigurationList;
			buildConfigurations = (
				88895D4C29B2C58200C3EF11 /* Debug */,
				88895D4D29B2C58200C3EF11 /* Release */,
			);
			defaultConfigurationIsVisible = 0;
			defaultConfigurationName = Release;
		};
/* End XCConfigurationList section */
	};
	rootObject = 88895D1329B2C58000C3EF11 /* Project object */;
}
